# THIS IS AN AUTOGENERATED FILE. DO NOT EDIT THIS FILE DIRECTLY.
# yarn lockfile v1


"@aws-crypto/ie11-detection@^1.0.0":
  version "1.0.0"
  resolved "https://registry.yarnpkg.com/@aws-crypto/ie11-detection/-/ie11-detection-1.0.0.tgz#d3a6af29ba7f15458f79c41d1cd8cac3925e726a"
  integrity sha512-kCKVhCF1oDxFYgQrxXmIrS5oaWulkvRcPz+QBDMsUr2crbF4VGgGT6+uQhSwJFdUAQ2A//Vq+uT83eJrkzFgXA==
  dependencies:
    tslib "^1.11.1"

"@aws-crypto/sha256-browser@^1.0.0":
  version "1.1.0"
  resolved "https://registry.yarnpkg.com/@aws-crypto/sha256-browser/-/sha256-browser-1.1.0.tgz#20092cc6c08d8f04db0ed57b6f05cff150384f77"
  integrity sha512-VIpuLRDonMAHgomrsm/zKbeXTnxpr4aHDQmS4pF+NcpvBp64l675yjGA9hyUYs/QJwBjUl8WqMjh9tIRgi85Sg==
  dependencies:
    "@aws-crypto/ie11-detection" "^1.0.0"
    "@aws-crypto/sha256-js" "^1.1.0"
    "@aws-crypto/supports-web-crypto" "^1.0.0"
    "@aws-sdk/types" "^3.1.0"
    "@aws-sdk/util-locate-window" "^3.0.0"
    "@aws-sdk/util-utf8-browser" "^3.0.0"
    tslib "^1.11.1"

"@aws-crypto/sha256-js@^1.0.0", "@aws-crypto/sha256-js@^1.1.0":
  version "1.1.0"
  resolved "https://registry.yarnpkg.com/@aws-crypto/sha256-js/-/sha256-js-1.1.0.tgz#a58386ad18186e392e0f1d98d18831261d27b071"
  integrity sha512-VIhuqbPgXDVr8sZe2yhgQcDRRmzf4CI8fmC1A3bHiRfE6wlz1d8KpeemqbuoEHotz/Dch9yOxlshyQDNjNFeHA==
  dependencies:
    "@aws-sdk/types" "^3.1.0"
    "@aws-sdk/util-utf8-browser" "^3.0.0"
    tslib "^1.11.1"

"@aws-crypto/supports-web-crypto@^1.0.0":
  version "1.0.0"
  resolved "https://registry.yarnpkg.com/@aws-crypto/supports-web-crypto/-/supports-web-crypto-1.0.0.tgz#c40901bc17ac1e875e248df16a2b47ad8bfd9a93"
  integrity sha512-IHLfv+WmVH89EW4n6a5eE8/hUlz6qkWGMn/v4r5ZgzcXdTC5nolii2z3k46y01hWRiC2PPhOdeSLzMUCUMco7g==
  dependencies:
    tslib "^1.11.1"

"@aws-sdk/abort-controller@3.10.0":
  version "3.10.0"
  resolved "https://registry.yarnpkg.com/@aws-sdk/abort-controller/-/abort-controller-3.10.0.tgz#c36371e6fd9172313d9206a748c89e6f44f3cb23"
  integrity sha512-gOgI/WOT8Yler7mV1WxkulY7HxpczLk2m7WE0Lk4P+y7nQXW70LLBtNw7M/y1N0UyIa362kmOT/DuH8QMh/Ycw==
  dependencies:
    "@aws-sdk/types" "3.10.0"
    tslib "^1.8.0"

"@aws-sdk/client-dynamodb@3.11.0", "@aws-sdk/client-dynamodb@^3.11.0":
  version "3.11.0"
  resolved "https://registry.yarnpkg.com/@aws-sdk/client-dynamodb/-/client-dynamodb-3.11.0.tgz#0ce3d4d9f901f914510f41dcf243ec3ce1e3a1cc"
  integrity sha512-wZRBqq1ZjN5G8GWE4TEtrQsOFVO6ezS0DcHjawYLGxN6B3uUV9aOrz8HzlnED1IUVb0SQZMqSC612oA1Vu5rxg==
  dependencies:
    "@aws-crypto/sha256-browser" "^1.0.0"
    "@aws-crypto/sha256-js" "^1.0.0"
    "@aws-sdk/config-resolver" "3.10.0"
    "@aws-sdk/credential-provider-node" "3.11.0"
    "@aws-sdk/fetch-http-handler" "3.10.0"
    "@aws-sdk/hash-node" "3.10.0"
    "@aws-sdk/invalid-dependency" "3.10.0"
    "@aws-sdk/middleware-content-length" "3.10.0"
    "@aws-sdk/middleware-host-header" "3.10.0"
    "@aws-sdk/middleware-logger" "3.10.0"
    "@aws-sdk/middleware-retry" "3.10.0"
    "@aws-sdk/middleware-serde" "3.10.0"
    "@aws-sdk/middleware-signing" "3.10.0"
    "@aws-sdk/middleware-stack" "3.10.0"
    "@aws-sdk/middleware-user-agent" "3.10.0"
    "@aws-sdk/node-config-provider" "3.10.0"
    "@aws-sdk/node-http-handler" "3.10.0"
    "@aws-sdk/protocol-http" "3.10.0"
    "@aws-sdk/smithy-client" "3.10.0"
    "@aws-sdk/types" "3.10.0"
    "@aws-sdk/url-parser" "3.10.0"
    "@aws-sdk/url-parser-native" "3.10.0"
    "@aws-sdk/util-base64-browser" "3.10.0"
    "@aws-sdk/util-base64-node" "3.10.0"
    "@aws-sdk/util-body-length-browser" "3.10.0"
    "@aws-sdk/util-body-length-node" "3.10.0"
    "@aws-sdk/util-user-agent-browser" "3.10.0"
    "@aws-sdk/util-user-agent-node" "3.10.0"
    "@aws-sdk/util-utf8-browser" "3.10.0"
    "@aws-sdk/util-utf8-node" "3.10.0"
    "@aws-sdk/util-waiter" "3.10.0"
    tslib "^2.0.0"
    uuid "^3.0.0"

"@aws-sdk/client-sso@3.11.0":
  version "3.11.0"
  resolved "https://registry.yarnpkg.com/@aws-sdk/client-sso/-/client-sso-3.11.0.tgz#1586e72438c017a81a0ad2ed3facc027aa364cea"
  integrity sha512-VaquYFsuuwoPo9VVbPbEchBeWP/I4OOvKR4HyiMPB5xuOuXaBVPfLCgeKclG3dhobd09jeUBdjtL7djdBH9HRQ==
  dependencies:
    "@aws-crypto/sha256-browser" "^1.0.0"
    "@aws-crypto/sha256-js" "^1.0.0"
    "@aws-sdk/config-resolver" "3.10.0"
    "@aws-sdk/fetch-http-handler" "3.10.0"
    "@aws-sdk/hash-node" "3.10.0"
    "@aws-sdk/invalid-dependency" "3.10.0"
    "@aws-sdk/middleware-content-length" "3.10.0"
    "@aws-sdk/middleware-host-header" "3.10.0"
    "@aws-sdk/middleware-logger" "3.10.0"
    "@aws-sdk/middleware-retry" "3.10.0"
    "@aws-sdk/middleware-serde" "3.10.0"
    "@aws-sdk/middleware-stack" "3.10.0"
    "@aws-sdk/middleware-user-agent" "3.10.0"
    "@aws-sdk/node-config-provider" "3.10.0"
    "@aws-sdk/node-http-handler" "3.10.0"
    "@aws-sdk/protocol-http" "3.10.0"
    "@aws-sdk/smithy-client" "3.10.0"
    "@aws-sdk/types" "3.10.0"
    "@aws-sdk/url-parser" "3.10.0"
    "@aws-sdk/url-parser-native" "3.10.0"
    "@aws-sdk/util-base64-browser" "3.10.0"
    "@aws-sdk/util-base64-node" "3.10.0"
    "@aws-sdk/util-body-length-browser" "3.10.0"
    "@aws-sdk/util-body-length-node" "3.10.0"
    "@aws-sdk/util-user-agent-browser" "3.10.0"
    "@aws-sdk/util-user-agent-node" "3.10.0"
    "@aws-sdk/util-utf8-browser" "3.10.0"
    "@aws-sdk/util-utf8-node" "3.10.0"
    tslib "^2.0.0"

"@aws-sdk/config-resolver@3.10.0":
  version "3.10.0"
  resolved "https://registry.yarnpkg.com/@aws-sdk/config-resolver/-/config-resolver-3.10.0.tgz#76928018c0e4ff555721341c6e5a8bfb68cb9801"
  integrity sha512-G74pKBdVQ4wb8U3sYv4CGMY4HzDw2prgNyYOjOsgfLKXHiWzyQdKCbOOWKsuHIE1GcgDmfypSlDT832P6tkooA==
  dependencies:
    "@aws-sdk/signature-v4" "3.10.0"
    "@aws-sdk/types" "3.10.0"
    tslib "^1.8.0"

"@aws-sdk/credential-provider-env@3.10.0":
  version "3.10.0"
  resolved "https://registry.yarnpkg.com/@aws-sdk/credential-provider-env/-/credential-provider-env-3.10.0.tgz#5ecd33e1b9e7301e9b3d0bcfd6d3c729df277f0a"
  integrity sha512-hC0gbIm+squT79JTBl1VzRmunEUyY5U20Cas0Bybe0QePHVKIB9WDAW5V4HBHnHqFsaCxkupisij7sH4zmV+Fg==
  dependencies:
    "@aws-sdk/property-provider" "3.10.0"
    "@aws-sdk/types" "3.10.0"
    tslib "^1.8.0"

"@aws-sdk/credential-provider-imds@3.10.0":
  version "3.10.0"
  resolved "https://registry.yarnpkg.com/@aws-sdk/credential-provider-imds/-/credential-provider-imds-3.10.0.tgz#43f05b72c15be4187bb4ce93b02ff2fbab53b057"
  integrity sha512-izDRHhRpxn15NmpKkvWA931vMK+EH4GZRpSucLOO9BmEWhbszKEkkDYvSN2f8Y6Pc9+lY9TDl+2rMuF9KipT3w==
  dependencies:
    "@aws-sdk/property-provider" "3.10.0"
    "@aws-sdk/types" "3.10.0"
    tslib "^1.8.0"

"@aws-sdk/credential-provider-ini@3.11.0":
  version "3.11.0"
  resolved "https://registry.yarnpkg.com/@aws-sdk/credential-provider-ini/-/credential-provider-ini-3.11.0.tgz#c885ea6544a4dc4989c7721473c25a114b079bb5"
  integrity sha512-9fb717L4mLMYUEl1bqvDJK6cptH4dnYXduDrrfbZaoBy1IeqjinfQpvCD28KVvinxZw1uzkijr21sLIhV/4k7w==
  dependencies:
    "@aws-sdk/credential-provider-web-identity" "3.11.0"
    "@aws-sdk/property-provider" "3.10.0"
    "@aws-sdk/shared-ini-file-loader" "3.10.0"
    "@aws-sdk/types" "3.10.0"
    tslib "^1.8.0"

"@aws-sdk/credential-provider-node@3.11.0":
  version "3.11.0"
  resolved "https://registry.yarnpkg.com/@aws-sdk/credential-provider-node/-/credential-provider-node-3.11.0.tgz#0896d0c67d9a6104ba1b6fadb4423d129d5b70a9"
  integrity sha512-kfJwyCoCcPJqD2sDd0zLWHIzsVXWDU7CiHiN6nzen/hmHLOvV9WB+yeQrzuEpu+baBX5H2TEoT8GvDb0FeSgow==
  dependencies:
    "@aws-sdk/credential-provider-env" "3.10.0"
    "@aws-sdk/credential-provider-imds" "3.10.0"
    "@aws-sdk/credential-provider-ini" "3.11.0"
    "@aws-sdk/credential-provider-process" "3.11.0"
    "@aws-sdk/credential-provider-sso" "3.11.0"
    "@aws-sdk/property-provider" "3.10.0"
    "@aws-sdk/shared-ini-file-loader" "3.10.0"
    "@aws-sdk/types" "3.10.0"
    tslib "^1.8.0"

"@aws-sdk/credential-provider-process@3.11.0":
  version "3.11.0"
  resolved "https://registry.yarnpkg.com/@aws-sdk/credential-provider-process/-/credential-provider-process-3.11.0.tgz#a0d84216bf793b65ddbb7533415831da718d7c0a"
  integrity sha512-pAUinnOYfJWGyvieDYYG/7SNucEDUnDIrVklXR2nIvU9L15Nft1q89Gam2rOfph03vMz62G2gp+0uSU6GAN2rg==
  dependencies:
    "@aws-sdk/credential-provider-ini" "3.11.0"
    "@aws-sdk/property-provider" "3.10.0"
    "@aws-sdk/shared-ini-file-loader" "3.10.0"
    "@aws-sdk/types" "3.10.0"
    tslib "^1.8.0"

"@aws-sdk/credential-provider-sso@3.11.0":
  version "3.11.0"
  resolved "https://registry.yarnpkg.com/@aws-sdk/credential-provider-sso/-/credential-provider-sso-3.11.0.tgz#22336a075e6c1e755ad6de7c705ad8528ea45a34"
  integrity sha512-mUrHqez8XNrMTrH1W6m7CtMr8TiP+19NgHSi3lYGV1awCZaefq5LIOALC8vpRj4OCQsbkzo3NAft9pXubzelQQ==
  dependencies:
    "@aws-sdk/client-sso" "3.11.0"
    "@aws-sdk/credential-provider-ini" "3.11.0"
    "@aws-sdk/property-provider" "3.10.0"
    "@aws-sdk/shared-ini-file-loader" "3.10.0"
    "@aws-sdk/types" "3.10.0"
    tslib "^1.8.0"

"@aws-sdk/credential-provider-web-identity@3.11.0":
  version "3.11.0"
  resolved "https://registry.yarnpkg.com/@aws-sdk/credential-provider-web-identity/-/credential-provider-web-identity-3.11.0.tgz#8615e9721af16858dd0974ee24147cfeb637e6b1"
  integrity sha512-jZc2jM4+QOP5iRMFKhYDfsNcECsPAZ3S2Ac/yEL7PhFZGBP3pA043x/lPcbLaVYVNWFsOfLtmrTNMrevp0BfwA==
  dependencies:
    "@aws-sdk/property-provider" "3.10.0"
    "@aws-sdk/types" "3.10.0"
    tslib "^1.8.0"

"@aws-sdk/fetch-http-handler@3.10.0":
  version "3.10.0"
  resolved "https://registry.yarnpkg.com/@aws-sdk/fetch-http-handler/-/fetch-http-handler-3.10.0.tgz#a326d321199da0cdc33c5099c3bdb6e5c6e9272e"
  integrity sha512-vtsIiFhSlUg9CvKIQ73sq0gJh6wJ7NZ5OpUyq57/xXc3ucRfzhTacaJ4A5ryHcy2iBhscJj7MCQgHE2qgTHiDw==
  dependencies:
    "@aws-sdk/protocol-http" "3.10.0"
    "@aws-sdk/querystring-builder" "3.10.0"
    "@aws-sdk/types" "3.10.0"
    "@aws-sdk/util-base64-browser" "3.10.0"
    tslib "^1.8.0"

"@aws-sdk/hash-node@3.10.0":
  version "3.10.0"
  resolved "https://registry.yarnpkg.com/@aws-sdk/hash-node/-/hash-node-3.10.0.tgz#3c7e3a7863a7289463e3a52b5e53b57f73c17e03"
  integrity sha512-VZEjBlxI6ejFJnTAzTFCcOAbCzZZanjAy4OcItyI1GgIrf40hVCV7sm8ypSLFkU2U/opyxpwHu2n7oDeDoAC1g==
  dependencies:
    "@aws-sdk/types" "3.10.0"
    "@aws-sdk/util-buffer-from" "3.10.0"
    tslib "^1.8.0"

"@aws-sdk/invalid-dependency@3.10.0":
  version "3.10.0"
  resolved "https://registry.yarnpkg.com/@aws-sdk/invalid-dependency/-/invalid-dependency-3.10.0.tgz#64274ab1572ae8951a24df636aaa4a986f444ed4"
  integrity sha512-L9VlE782/nBLoGynNpUsYe8il94Z5Ts1mE13ldO1M5VRe/kdVLrigrtHCt7VF4IvDR6NWihfyPnVyNm0qvg02Q==
  dependencies:
    "@aws-sdk/types" "3.10.0"
    tslib "^1.8.0"

"@aws-sdk/is-array-buffer@3.10.0":
  version "3.10.0"
  resolved "https://registry.yarnpkg.com/@aws-sdk/is-array-buffer/-/is-array-buffer-3.10.0.tgz#9d6f31c0264db27c446539bfc5b8412a4962c5e1"
  integrity sha512-QI4GhdcaATKDP8EVVCIwr3bkTnGsOyXupdG/x5nAK1x+sEtJdyHG+w6zhaBDi4ps7nBxQkxZCA/vIS/DQ5TzqQ==
  dependencies:
    tslib "^1.8.0"

"@aws-sdk/lib-dynamodb@^3.11.0":
  version "3.11.0"
  resolved "https://registry.yarnpkg.com/@aws-sdk/lib-dynamodb/-/lib-dynamodb-3.11.0.tgz#e2b2fdc8035946e69b90e0bd1d36d74bfd4bae25"
  integrity sha512-fH2XSK2viOOOiHfVIFJsHXqzUeEdGUEQ9/5mo2W3vlhklR4WVIINkpFjCjxEPUnF00QydbMGskn5D5oPUrPVKg==
  dependencies:
    "@aws-sdk/client-dynamodb" "3.11.0"
    "@aws-sdk/smithy-client" "3.10.0"
    "@aws-sdk/types" "3.10.0"
    "@aws-sdk/util-dynamodb" "3.11.0"
    tslib "^1.8.0"

"@aws-sdk/middleware-content-length@3.10.0":
  version "3.10.0"
  resolved "https://registry.yarnpkg.com/@aws-sdk/middleware-content-length/-/middleware-content-length-3.10.0.tgz#fcc43af904ef96177996c03cd21370a724c88291"
  integrity sha512-TW3T2ga5WPsWb6/9Ju7PjzNMj2KYZ+1vzdOsISIq+gnqQVc6FJyB0Vp76T4UeXXZElQOovCvoXHzfybKbVHmeQ==
  dependencies:
    "@aws-sdk/protocol-http" "3.10.0"
    "@aws-sdk/types" "3.10.0"
    tslib "^1.8.0"

"@aws-sdk/middleware-host-header@3.10.0":
  version "3.10.0"
  resolved "https://registry.yarnpkg.com/@aws-sdk/middleware-host-header/-/middleware-host-header-3.10.0.tgz#4ae8dfd2ab208a01335d0da371ca0957bd88ac71"
  integrity sha512-XbQ4RN29tnfI/CU4HXWC4OjmPNOmqFfiIMYKN/I27hIcyCW9Mvjbb7hylTQSNq2epERugLPYDZQ0fQxw/bJk0A==
  dependencies:
    "@aws-sdk/protocol-http" "3.10.0"
    "@aws-sdk/types" "3.10.0"
    tslib "^1.8.0"

"@aws-sdk/middleware-logger@3.10.0":
  version "3.10.0"
  resolved "https://registry.yarnpkg.com/@aws-sdk/middleware-logger/-/middleware-logger-3.10.0.tgz#6876426ecee19c6e721033df680aa59606dfef09"
  integrity sha512-X5hevLSfHLjRdY85zfne12FC8qXSBAkccyXLYmfLYr8LY2nce78TZ/N0El62EArznGZ69iW57qToVIx/0ecdPA==
  dependencies:
    "@aws-sdk/types" "3.10.0"
    tslib "^1.8.0"

"@aws-sdk/middleware-retry@3.10.0":
  version "3.10.0"
  resolved "https://registry.yarnpkg.com/@aws-sdk/middleware-retry/-/middleware-retry-3.10.0.tgz#e81deed2f345e3683089100d645e3a010c321da1"
  integrity sha512-gRsaUhvMvfGxNwI8iF0rEoqlppoZQGy8swb1Pi/51A7feiKhxGV5qjByjBw0Rde/zbhqGB1Bjot6sW3WekAWXg==
  dependencies:
    "@aws-sdk/protocol-http" "3.10.0"
    "@aws-sdk/service-error-classification" "3.10.0"
    "@aws-sdk/types" "3.10.0"
    react-native-get-random-values "^1.4.0"
    tslib "^1.8.0"
    uuid "^3.0.0"

"@aws-sdk/middleware-serde@3.10.0":
  version "3.10.0"
  resolved "https://registry.yarnpkg.com/@aws-sdk/middleware-serde/-/middleware-serde-3.10.0.tgz#0cb14bdb9e22a2f5199a63222ec2770a20bae9ab"
  integrity sha512-HksK3YI+IrZu3b7UgJRC2eO1iqYPNkznXlMmvhMe7feMQQOJKzlyX4W/ls9UtnEDnQu+eQ4C20FlA45MLbZ8eQ==
  dependencies:
    "@aws-sdk/types" "3.10.0"
    tslib "^1.8.0"

"@aws-sdk/middleware-signing@3.10.0":
  version "3.10.0"
  resolved "https://registry.yarnpkg.com/@aws-sdk/middleware-signing/-/middleware-signing-3.10.0.tgz#76a96b25731c67652285800eca8660dc7c96a4ce"
  integrity sha512-SzWMQbk5ByAL/l/PJA08SGoHhHcp3uco9qL3Nex9olM1SXLQ3A5pcfqMkiaIPw6XiRVWMuXyisEYmzfNMz5EoA==
  dependencies:
    "@aws-sdk/property-provider" "3.10.0"
    "@aws-sdk/protocol-http" "3.10.0"
    "@aws-sdk/signature-v4" "3.10.0"
    "@aws-sdk/types" "3.10.0"
    tslib "^1.8.0"

"@aws-sdk/middleware-stack@3.10.0":
  version "3.10.0"
  resolved "https://registry.yarnpkg.com/@aws-sdk/middleware-stack/-/middleware-stack-3.10.0.tgz#2554ac5947ccde55f46f2a9dfac2bb747667fd14"
  integrity sha512-SKYDboyFK1JQdt1hDuQP3gSebBU7l2qrG+TY84yVROYY6nNjMQxDcg1vPjK8BhNL4aK5u/+krj9QyTrys/LwCg==
  dependencies:
    tslib "^1.8.0"

"@aws-sdk/middleware-user-agent@3.10.0":
  version "3.10.0"
  resolved "https://registry.yarnpkg.com/@aws-sdk/middleware-user-agent/-/middleware-user-agent-3.10.0.tgz#aaa242fc4882b35215e47d30fca2876ec3a2d17f"
  integrity sha512-D5psTdxbIjQp/fXgi78NMEPnyXQcqfHEWnkgqXCwtQzNEdDqX+MexahZiD53svJ4InYp82cQt9MOc4KTLqxCow==
  dependencies:
    "@aws-sdk/protocol-http" "3.10.0"
    "@aws-sdk/types" "3.10.0"
    tslib "^1.8.0"

"@aws-sdk/node-config-provider@3.10.0":
  version "3.10.0"
  resolved "https://registry.yarnpkg.com/@aws-sdk/node-config-provider/-/node-config-provider-3.10.0.tgz#f44834e09acef65b007eee6099e560592089044e"
  integrity sha512-4/mru6FZsNR9mHadVW0WTXrYY5bqkKFIr0f9ykvVqM36mHxx4Rn+KoHo/01lB+0aEVyGlvYCGaBS88FjYldyqQ==
  dependencies:
    "@aws-sdk/property-provider" "3.10.0"
    "@aws-sdk/shared-ini-file-loader" "3.10.0"
    "@aws-sdk/types" "3.10.0"
    tslib "^1.8.0"

"@aws-sdk/node-http-handler@3.10.0":
  version "3.10.0"
  resolved "https://registry.yarnpkg.com/@aws-sdk/node-http-handler/-/node-http-handler-3.10.0.tgz#b7062e37f915467f235d9969a72952e3b6532ac6"
  integrity sha512-4MPaDuP1MArkRyu4pmfnepVQEtSTdonjCkaNncSeN7PqiLbkkkiJZr5t+7zJfMjxCnFrpLKCVX8uyuG34OJgoQ==
  dependencies:
    "@aws-sdk/abort-controller" "3.10.0"
    "@aws-sdk/protocol-http" "3.10.0"
    "@aws-sdk/querystring-builder" "3.10.0"
    "@aws-sdk/types" "3.10.0"
    tslib "^1.8.0"

"@aws-sdk/property-provider@3.10.0":
  version "3.10.0"
  resolved "https://registry.yarnpkg.com/@aws-sdk/property-provider/-/property-provider-3.10.0.tgz#d61aae2fcf58dc8457c4cd4eb6ae53aca7eb0fe1"
  integrity sha512-rJSIdLxNBq9qzUItFTo9mFPuJlM8kkYuELhn1l896lWy/yqYTcuczECOq3GnVARRDZAc/8T20GE8uRA9+bh0jg==
  dependencies:
    "@aws-sdk/types" "3.10.0"
    tslib "^1.8.0"

"@aws-sdk/protocol-http@3.10.0":
  version "3.10.0"
  resolved "https://registry.yarnpkg.com/@aws-sdk/protocol-http/-/protocol-http-3.10.0.tgz#cba0bd867d1ea3a57a2027d295a5285c297380bc"
  integrity sha512-ys/xTYtG9vdhY/nEN1mocTkKGY5AN52batB8sTRrAlrhrvFY+h3v6T+pM1WdPd1/rc5UliEV1kDFvJFjcEtWgw==
  dependencies:
    "@aws-sdk/types" "3.10.0"
    tslib "^1.8.0"

"@aws-sdk/querystring-builder@3.10.0":
  version "3.10.0"
  resolved "https://registry.yarnpkg.com/@aws-sdk/querystring-builder/-/querystring-builder-3.10.0.tgz#0bd4264203d96767e25b1d99f6bd6f8a37131e0b"
  integrity sha512-M3LBr4VsFbzLUpWojAERZYh4ST4OJPHWTO6QFl3Iqovcr2M3qIiLiKQ4y5bK27e+QwMgZk6bOYXpWiqZuGZNdQ==
  dependencies:
    "@aws-sdk/types" "3.10.0"
    "@aws-sdk/util-uri-escape" "3.10.0"
    tslib "^1.8.0"

"@aws-sdk/querystring-parser@3.10.0":
  version "3.10.0"
  resolved "https://registry.yarnpkg.com/@aws-sdk/querystring-parser/-/querystring-parser-3.10.0.tgz#f51ecbe83317128b284c1ad121d220739f9dd939"
  integrity sha512-PXcXWffNeqfkz4uJdN/IW1YUBGo9fo/O3jOadqfWR7aXIiVkkMrPpzOsSgf1Gimjseuv3exaG0KWcl05EWPlwg==
  dependencies:
    "@aws-sdk/types" "3.10.0"
    tslib "^1.8.0"

"@aws-sdk/service-error-classification@3.10.0":
  version "3.10.0"
  resolved "https://registry.yarnpkg.com/@aws-sdk/service-error-classification/-/service-error-classification-3.10.0.tgz#40b43472bb441a38943f53037e90b8709d1f21cb"
  integrity sha512-eJiiGlkoABsOgy0PqcVU5uprwaB6ABH36kz5aiTfKKzRMVRv0jd6ffY12l1SOZxWIw2L0kvypJe0L7IB8ykazg==

"@aws-sdk/shared-ini-file-loader@3.10.0":
  version "3.10.0"
  resolved "https://registry.yarnpkg.com/@aws-sdk/shared-ini-file-loader/-/shared-ini-file-loader-3.10.0.tgz#8f3a4c11300c35cc9832c1d96d7e84c777462575"
  integrity sha512-aE8qopW4asfVCLAyWT4MXpV1MBsklGV6iPqyUN6obLbigaZ9NCQNaYhc6wXL0SfX6Hy8HZUxwYVVhYpJUgHLEg==
  dependencies:
    tslib "^1.8.0"

"@aws-sdk/signature-v4@3.10.0":
  version "3.10.0"
  resolved "https://registry.yarnpkg.com/@aws-sdk/signature-v4/-/signature-v4-3.10.0.tgz#4e38f9b75ed9ee53ed1d26bd993628ac520c2573"
  integrity sha512-mYhea/lArLyHY0uXZBbQRsAQ1L+iqKd29AFIv7JTKSVgYizSAoalYXSnIeBf4HqdC5TlOq0h08btGICDb/DC9Q==
  dependencies:
    "@aws-sdk/is-array-buffer" "3.10.0"
    "@aws-sdk/types" "3.10.0"
    "@aws-sdk/util-hex-encoding" "3.10.0"
    "@aws-sdk/util-uri-escape" "3.10.0"
    tslib "^1.8.0"

"@aws-sdk/smithy-client@3.10.0":
  version "3.10.0"
  resolved "https://registry.yarnpkg.com/@aws-sdk/smithy-client/-/smithy-client-3.10.0.tgz#5dbfa8fc6319eb941886ae0ce05cb964b69fc6b1"
  integrity sha512-r5n1DsQvazFRQrMcQ027tWHUzKXzU+3V+5E1xb0f+54ZzhY7rA75iNBP4x48LaZt5XPvToaqLKSKEdvyTUnRNA==
  dependencies:
    "@aws-sdk/middleware-stack" "3.10.0"
    "@aws-sdk/types" "3.10.0"
    tslib "^1.8.0"

"@aws-sdk/types@3.10.0", "@aws-sdk/types@^3.1.0":
  version "3.10.0"
  resolved "https://registry.yarnpkg.com/@aws-sdk/types/-/types-3.10.0.tgz#15b839a59a9348eda7de110ccc6bd0aa44fbccb2"
  integrity sha512-ARGM7IdqPcPU7Fdk9Vj7oGd/W10Q/GUp2CDLzEXVjPxFo6a1h9b6XaxwVW4PvfzQlf+MoJFUkUuyi3BqTPRKkA==

"@aws-sdk/url-parser-native@3.10.0":
  version "3.10.0"
  resolved "https://registry.yarnpkg.com/@aws-sdk/url-parser-native/-/url-parser-native-3.10.0.tgz#961f997876a25d07f5e2464f61de8e09ed3b0313"
  integrity sha512-vehjY0cGvB+gGOa0hvbUgTBL5GofoGa2qDHWlMUclUA/eu+sxMYST7/bjtuNcBHzSEZjQ0dUsDqdV7HehD0q1w==
  dependencies:
    "@aws-sdk/querystring-parser" "3.10.0"
    "@aws-sdk/types" "3.10.0"
    tslib "^1.8.0"
    url "^0.11.0"

"@aws-sdk/url-parser@3.10.0":
  version "3.10.0"
  resolved "https://registry.yarnpkg.com/@aws-sdk/url-parser/-/url-parser-3.10.0.tgz#2da900f3a87f2c9a092d989618087c12c732defd"
  integrity sha512-+SLxkL9roePs9YkT2dB3Kmsnfmk6BKZGgBTnuWrT9pcBtoAFgelq7R5WU6ZxmzzyAWLCH9C7mOSHf1gG721MUg==
  dependencies:
    "@aws-sdk/querystring-parser" "3.10.0"
    "@aws-sdk/types" "3.10.0"
    tslib "^1.8.0"

"@aws-sdk/util-base64-browser@3.10.0":
  version "3.10.0"
  resolved "https://registry.yarnpkg.com/@aws-sdk/util-base64-browser/-/util-base64-browser-3.10.0.tgz#f6734c9bfd59a1ed38dd56cf621f22a5dd959a55"
  integrity sha512-jeBEPegEsbAln4UUZJ6Pdj7RvcPYZc8JzTf758fe6rIO8JfXWLUrq/4yYQrIZpEED7QXmi+uPnEvje2ihpH2OQ==
  dependencies:
    tslib "^1.8.0"

"@aws-sdk/util-base64-node@3.10.0":
  version "3.10.0"
  resolved "https://registry.yarnpkg.com/@aws-sdk/util-base64-node/-/util-base64-node-3.10.0.tgz#8e5f1702e54ee7166cf13b40c0371e0291de8c82"
  integrity sha512-lug2UkkQK5RThaKLuekdQt2qt3mQv/KHCilwy/KlbbI7q2xXclpaAn/5v5R4EAXX9mJGkObs9+fp/ZbxljX87Q==
  dependencies:
    "@aws-sdk/util-buffer-from" "3.10.0"
    tslib "^1.8.0"

"@aws-sdk/util-body-length-browser@3.10.0":
  version "3.10.0"
  resolved "https://registry.yarnpkg.com/@aws-sdk/util-body-length-browser/-/util-body-length-browser-3.10.0.tgz#2c03ecd767675b79ec4fcda88ab8fdb52e7beae4"
  integrity sha512-DThnADgIgLx+0JkHWMvHmLMEJOSeOnzdDOKt3AKN/RCQ2+aDY2f1Gdg96LjlgljsBH/T9Vi0SVJ/XjTU6Z3GZg==
  dependencies:
    tslib "^1.8.0"

"@aws-sdk/util-body-length-node@3.10.0":
  version "3.10.0"
  resolved "https://registry.yarnpkg.com/@aws-sdk/util-body-length-node/-/util-body-length-node-3.10.0.tgz#f4a761bd5d7f8a9e50a22cc1fd0ca259b16647d4"
  integrity sha512-ClsLDKt+ek1l5uO2F6pe2051yvvT9ohJHO8K6oiRdpMxWSqx64Zi6KdvwFql0E9dw9L7awbmzpqgOpqpvxHOdg==
  dependencies:
    tslib "^1.8.0"

"@aws-sdk/util-buffer-from@3.10.0":
  version "3.10.0"
  resolved "https://registry.yarnpkg.com/@aws-sdk/util-buffer-from/-/util-buffer-from-3.10.0.tgz#a0ea0121bbba03b7990cd5561823a6c1fd46fd90"
  integrity sha512-IpCbcBAlE/BiO7SMEqtYbL0MPSWY0x0JW7OYOsDuh0nw5BX0rUKeA77yhRQtHaW/RyZXIvm0BxJNBP+HOnB7dw==
  dependencies:
    "@aws-sdk/is-array-buffer" "3.10.0"
    tslib "^1.8.0"

"@aws-sdk/util-dynamodb@3.11.0":
  version "3.11.0"
  resolved "https://registry.yarnpkg.com/@aws-sdk/util-dynamodb/-/util-dynamodb-3.11.0.tgz#f3bdf08aa20037047a62b30f140ae7567957ae86"
  integrity sha512-4rImwt6M7LRlcpXYmc2QJ2ukOcfmPgmVs+gGPND05rXXj78TC0FCDtMvo/LXLsi6o6/4b8AqUj+vpoBAkT4G7w==
  dependencies:
    tslib "^1.8.0"

"@aws-sdk/util-hex-encoding@3.10.0":
  version "3.10.0"
  resolved "https://registry.yarnpkg.com/@aws-sdk/util-hex-encoding/-/util-hex-encoding-3.10.0.tgz#1851a698976d5cc45155abfbfbc59f87d9881ce7"
  integrity sha512-rVfkZQ1ftCsgKo2j+mlVCOoL5JuQyduxSMITuE4M+nW5i6kGxCooaOCLgXqLayzRt8heuomXgKmRmcziUlfVZg==
  dependencies:
    tslib "^1.8.0"

"@aws-sdk/util-locate-window@^3.0.0":
  version "3.10.0"
  resolved "https://registry.yarnpkg.com/@aws-sdk/util-locate-window/-/util-locate-window-3.10.0.tgz#87287d43d9401bf1ad4a60f61e85f97104ece018"
  integrity sha512-dGEOv5KVlfV2kRVQf+jKB2UEaIUXCoays5C9TAwB/7GM+E2ZJIqRUlhh5japyVJIUJmY6s9zqgua/LFUWD5nAA==
  dependencies:
    tslib "^1.8.0"

"@aws-sdk/util-uri-escape@3.10.0":
  version "3.10.0"
  resolved "https://registry.yarnpkg.com/@aws-sdk/util-uri-escape/-/util-uri-escape-3.10.0.tgz#f4d353d77e65d041358dac38b88de3512eea6479"
  integrity sha512-hSvJEDxArqWxrAVcH9qeyUH/1rtqCqPGJnDVTz9JYIRO3oNPdDmdy4Tu7k6OUN+UtJNjCOig2UUF/0KkGNqOJg==
  dependencies:
    tslib "^1.8.0"

"@aws-sdk/util-user-agent-browser@3.10.0":
  version "3.10.0"
  resolved "https://registry.yarnpkg.com/@aws-sdk/util-user-agent-browser/-/util-user-agent-browser-3.10.0.tgz#71e291e1744f20a619a26ec48e417759c1e437dd"
  integrity sha512-sQiycPUMgkIiJAd6jBmzQtZMXKKqrtMEZ6Rn6uaNUE00HJnR+Gq7B96eMZGcJNfm+LQq4DsGfWaMp+ekWtELbw==
  dependencies:
    "@aws-sdk/types" "3.10.0"
    bowser "^2.11.0"
    tslib "^1.8.0"

"@aws-sdk/util-user-agent-node@3.10.0":
  version "3.10.0"
  resolved "https://registry.yarnpkg.com/@aws-sdk/util-user-agent-node/-/util-user-agent-node-3.10.0.tgz#31c331c1a4472ac4567aef4f8f71f06a1bf26b2a"
  integrity sha512-7uGx6modVf4gDjp8TcDf8G080wNYjBuTzpPa3m03CMJXzhNsFx7f1zGkhX62TvjvjOlmeh5UygAA4bwV0WwxYQ==
  dependencies:
    "@aws-sdk/node-config-provider" "3.10.0"
    "@aws-sdk/types" "3.10.0"
    tslib "^1.8.0"

"@aws-sdk/util-utf8-browser@3.10.0", "@aws-sdk/util-utf8-browser@^3.0.0":
  version "3.10.0"
  resolved "https://registry.yarnpkg.com/@aws-sdk/util-utf8-browser/-/util-utf8-browser-3.10.0.tgz#b30737600dffc9592f803b4af523819772cdb2b4"
  integrity sha512-RdhsUkspIrovjPOIhk/mxiuSevV8uOeFxdoepwIfmN5yoULqSHdAqdDVGyghgJm4/yPPpNq0Mt4cdQMHqn/FGQ==
  dependencies:
    tslib "^1.8.0"

"@aws-sdk/util-utf8-node@3.10.0":
  version "3.10.0"
  resolved "https://registry.yarnpkg.com/@aws-sdk/util-utf8-node/-/util-utf8-node-3.10.0.tgz#4c57745d3c71e53ae71c3c100a3751fa7771a7c4"
  integrity sha512-qkfX5shRVIxvipyJc/pRuB31H04x9vnBf7b4WNULVL6cFZqJRu77hMd6KXtyjiwDDPIxSZd1UixcAtW3fn+jbg==
  dependencies:
    "@aws-sdk/util-buffer-from" "3.10.0"
    tslib "^1.8.0"

"@aws-sdk/util-waiter@3.10.0":
  version "3.10.0"
  resolved "https://registry.yarnpkg.com/@aws-sdk/util-waiter/-/util-waiter-3.10.0.tgz#7fae2153a682fd9992b5d1eddb0742bc7b9ccd02"
  integrity sha512-4kJrG2FAn5cFYN6UdTAOWZYX6OBxYRBMwanN75Rx2JTKvTbilpQYSAUc3K1/TOCgTVzM5HZOvOH4A91PRPPcDw==
  dependencies:
    "@aws-sdk/abort-controller" "3.10.0"
    "@aws-sdk/types" "3.10.0"
    tslib "^1.8.0"

"@types/node@^14.14.37":
  version "14.14.37"
  resolved "https://registry.yarnpkg.com/@types/node/-/node-14.14.37.tgz#a3dd8da4eb84a996c36e331df98d82abd76b516e"
  integrity sha512-XYmBiy+ohOR4Lh5jE379fV2IU+6Jn4g5qASinhitfyO71b/sCo6MKsMLF5tc7Zf2CE8hViVQyYSobJNke8OvUw==

bowser@^2.11.0:
  version "2.11.0"
  resolved "https://registry.yarnpkg.com/bowser/-/bowser-2.11.0.tgz#5ca3c35757a7aa5771500c70a73a9f91ef420a8f"
  integrity sha512-AlcaJBi/pqqJBIQ8U9Mcpc9i8Aqxn88Skv5d+xBX006BY5u8N3mGLHa5Lgppa7L/HfwgwLgZ6NYs+Ag6uUmJRA==

dynamodb-expressions@^2.1.3:
  version "2.1.3"
  resolved "https://registry.yarnpkg.com/dynamodb-expressions/-/dynamodb-expressions-2.1.3.tgz#1410de2593f1ff70420e6b28d6f27b04e958a529"
  integrity sha512-ELm3XOODam3eEPyXEf3ZQYmeWAIbRCT4wVnyqQFi1/gP+xbnGhjYibtQKU6FJf8BLzgoRxC0x01IeMdgO66+zg==

fast-base64-decode@^1.0.0:
  version "1.0.0"
  resolved "https://registry.yarnpkg.com/fast-base64-decode/-/fast-base64-decode-1.0.0.tgz#b434a0dd7d92b12b43f26819300d2dafb83ee418"
  integrity sha512-qwaScUgUGBYeDNRnbc/KyllVU88Jk1pRHPStuF/lO7B0/RTRLj7U0lkdTAutlBblY08rwZDff6tNU9cjv6j//Q==

punycode@1.3.2:
  version "1.3.2"
  resolved "https://registry.yarnpkg.com/punycode/-/punycode-1.3.2.tgz#9653a036fb7c1ee42342f2325cceefea3926c48d"
  integrity sha1-llOgNvt8HuQjQvIyXM7v6jkmxI0=

querystring@0.2.0:
  version "0.2.0"
  resolved "https://registry.yarnpkg.com/querystring/-/querystring-0.2.0.tgz#b209849203bb25df820da756e747005878521620"
  integrity sha1-sgmEkgO7Jd+CDadW50cAWHhSFiA=

react-native-get-random-values@^1.4.0:
  version "1.6.0"
  resolved "https://registry.yarnpkg.com/react-native-get-random-values/-/react-native-get-random-values-1.6.0.tgz#9035636b2dc2a6d574f2803205381fe1a7b5c864"
  integrity sha512-sPTRTJk4bpuZeTBf6d7DldQGAOCi0GZh5NxzNI3eHXzxwHbNkV13Q22TehiSb3bsaVqwLC4UAa6QvYIucyyc+A==
  dependencies:
    fast-base64-decode "^1.0.0"

tslib@^1.11.1, tslib@^1.8.0:
  version "1.14.1"
  resolved "https://registry.yarnpkg.com/tslib/-/tslib-1.14.1.tgz#cf2d38bdc34a134bcaf1091c41f6619e2f672d00"
  integrity sha512-Xni35NKzjgMrwevysHTCArtLDpPvye8zV/0E4EyYn43P7/7qvQwPh9BGkHewbMulVntbigmcT7rdX3BNo9wRJg==

tslib@^2.0.0:
  version "2.2.0"
  resolved "https://registry.yarnpkg.com/tslib/-/tslib-2.2.0.tgz#fb2c475977e35e241311ede2693cee1ec6698f5c"
  integrity sha512-gS9GVHRU+RGn5KQM2rllAlR3dU6m7AcpJKdtH8gFvQiC4Otgk98XnmMU+nZenHt/+VhnBPWwgrJsyrdcw6i23w==

typescript@^4.2.3:
  version "4.2.3"
  resolved "https://registry.yarnpkg.com/typescript/-/typescript-4.2.3.tgz#39062d8019912d43726298f09493d598048c1ce3"
  integrity sha512-qOcYwxaByStAWrBf4x0fibwZvMRG+r4cQoTjbPtUlrWjBHbmCAww1i448U0GJ+3cNNEtebDteo/cHOR3xJ4wEw==

url@^0.11.0:
  version "0.11.0"
  resolved "https://registry.yarnpkg.com/url/-/url-0.11.0.tgz#3838e97cfc60521eb73c525a8e55bfdd9e2e28f1"
  integrity sha1-ODjpfPxgUh63PFJajlW/3Z4uKPE=
  dependencies:
    punycode "1.3.2"
    querystring "0.2.0"

uuid@^3.0.0:
  version "3.4.0"
  resolved "https://registry.yarnpkg.com/uuid/-/uuid-3.4.0.tgz#b23e4358afa8a202fe7a100af1f5f883f02007ee"
  integrity sha512-HjSDRw6gZE5JMggctHBcjVak08+KEVhSIiDzFnT9S9aegmp85S/bReBVTb4QTFaRNptJ9kuYaNhnbNEOkbKb/A==
